// !$*UTF8*$!
{
	archiveVersion = 1;
	classes = {
	};
	objectVersion = 56;
	objects = {

/* Begin PBXBuildFile section */
		FBCB59B729A8FA96008453A4 /* qrCodeViewModel.swift in Sources */ = {isa = PBXBuildFile; fileRef = FBCB59B629A8FA96008453A4 /* qrCodeViewModel.swift */; };
		FBCB59BB29A8FDA1008453A4 /* testView.swift in Sources */ = {isa = PBXBuildFile; fileRef = FBCB59BA29A8FDA1008453A4 /* testView.swift */; };
		FBCF584F29A5A786009637EB /* qrcodeApp.swift in Sources */ = {isa = PBXBuildFile; fileRef = FBCF584E29A5A786009637EB /* qrcodeApp.swift */; };
		FBCF585129A5A786009637EB /* ContentView.swift in Sources */ = {isa = PBXBuildFile; fileRef = FBCF585029A5A786009637EB /* ContentView.swift */; };
		FBCF585329A5A789009637EB /* Assets.xcassets in Resources */ = {isa = PBXBuildFile; fileRef = FBCF585229A5A789009637EB /* Assets.xcassets */; };
		FBCF585629A5A789009637EB /* Preview Assets.xcassets in Resources */ = {isa = PBXBuildFile; fileRef = FBCF585529A5A789009637EB /* Preview Assets.xcassets */; };
		FBD8556529A6F08800ACC75D /* ScanView.swift in Sources */ = {isa = PBXBuildFile; fileRef = FBD8556429A6F08800ACC75D /* ScanView.swift */; };
		FBD8556729A7001C00ACC75D /* CodeImageSaver.swift in Sources */ = {isa = PBXBuildFile; fileRef = FBD8556629A7001C00ACC75D /* CodeImageSaver.swift */; };
/* End PBXBuildFile section */

/* Begin PBXFileReference section */
		FBCB59B629A8FA96008453A4 /* qrCodeViewModel.swift */ = {isa = PBXFileReference; lastKnownFileType = sourcecode.swift; path = qrCodeViewModel.swift; sourceTree = "<group>"; };
		FBCB59BA29A8FDA1008453A4 /* testView.swift */ = {isa = PBXFileReference; lastKnownFileType = sourcecode.swift; path = testView.swift; sourceTree = "<group>"; };
		FBCF584B29A5A786009637EB /* qrcode.app */ = {isa = PBXFileReference; explicitFileType = wrapper.application; includeInIndex = 0; path = qrcode.app; sourceTree = BUILT_PRODUCTS_DIR; };
		FBCF584E29A5A786009637EB /* qrcodeApp.swift */ = {isa = PBXFileReference; lastKnownFileType = sourcecode.swift; path = qrcodeApp.swift; sourceTree = "<group>"; };
		FBCF585029A5A786009637EB /* ContentView.swift */ = {isa = PBXFileReference; lastKnownFileType = sourcecode.swift; path = ContentView.swift; sourceTree = "<group>"; };
		FBCF585229A5A789009637EB /* Assets.xcassets */ = {isa = PBXFileReference; lastKnownFileType = folder.assetcatalog; path = Assets.xcassets; sourceTree = "<group>"; };
		FBCF585529A5A789009637EB /* Preview Assets.xcassets */ = {isa = PBXFileReference; lastKnownFileType = folder.assetcatalog; path = "Preview Assets.xcassets"; sourceTree = "<group>"; };
		FBD8556429A6F08800ACC75D /* ScanView.swift */ = {isa = PBXFileReference; lastKnownFileType = sourcecode.swift; path = ScanView.swift; sourceTree = "<group>"; };
		FBD8556629A7001C00ACC75D /* CodeImageSaver.swift */ = {isa = PBXFileReference; lastKnownFileType = sourcecode.swift; path = CodeImageSaver.swift; sourceTree = "<group>"; };
		FBD8556829A712A100ACC75D /* Info.plist */ = {isa = PBXFileReference; lastKnownFileType = text.plist; path = Info.plist; sourceTree = "<group>"; };
/* End PBXFileReference section */

/* Begin PBXFrameworksBuildPhase section */
		FBCF584829A5A786009637EB /* Frameworks */ = {
			isa = PBXFrameworksBuildPhase;
			buildActionMask = 2147483647;
			files = (
			);
			runOnlyForDeploymentPostprocessing = 0;
		};
/* End PBXFrameworksBuildPhase section */

/* Begin PBXGroup section */
		FBCF584229A5A786009637EB = {
			isa = PBXGroup;
			children = (
				FBCF584D29A5A786009637EB /* qrcode */,
				FBCF584C29A5A786009637EB /* Products */,
			);
			sourceTree = "<group>";
		};
		FBCF584C29A5A786009637EB /* Products */ = {
			isa = PBXGroup;
			children = (
				FBCF584B29A5A786009637EB /* qrcode.app */,
			);
			name = Products;
			sourceTree = "<group>";
		};
		FBCF584D29A5A786009637EB /* qrcode */ = {
			isa = PBXGroup;
			children = (
				FBD8556829A712A100ACC75D /* Info.plist */,
				FBCF584E29A5A786009637EB /* qrcodeApp.swift */,
				FBCF585029A5A786009637EB /* ContentView.swift */,
				FBCB59BA29A8FDA1008453A4 /* testView.swift */,
				FBD8556429A6F08800ACC75D /* ScanView.swift */,
				FBCF585229A5A789009637EB /* Assets.xcassets */,
				FBCF585429A5A789009637EB /* Preview Content */,
				FBD8556629A7001C00ACC75D /* CodeImageSaver.swift */,
				FBCB59B629A8FA96008453A4 /* qrCodeViewModel.swift */,
			);
			path = qrcode;
			sourceTree = "<group>";
		};
		FBCF585429A5A789009637EB /* Preview Content */ = {
			isa = PBXGroup;
			children = (
				FBCF585529A5A789009637EB /* Preview Assets.xcassets */,
			);
			path = "Preview Content";
			sourceTree = "<group>";
		};
/* End PBXGroup section */

/* Begin PBXNativeTarget section */
		FBCF584A29A5A786009637EB /* qrcode */ = {
			isa = PBXNativeTarget;
			buildConfigurationList = FBCF585929A5A789009637EB /* Build configuration list for PBXNativeTarget "qrcode" */;
			buildPhases = (
				FBCF584729A5A786009637EB /* Sources */,
				FBCF584829A5A786009637EB /* Frameworks */,
				FBCF584929A5A786009637EB /* Resources */,
			);
			buildRules = (
			);
			dependencies = (
			);
			name = qrcode;
			productName = qrcode;
			productReference = FBCF584B29A5A786009637EB /* qrcode.app */;
			productType = "com.apple.product-type.application";
		};
/* End PBXNativeTarget section */

/* Begin PBXProject section */
		FBCF584329A5A786009637EB /* Project object */ = {
			isa = PBXProject;
			attributes = {
				BuildIndependentTargetsInParallel = 1;
				LastSwiftUpdateCheck = 1420;
				LastUpgradeCheck = 1420;
				TargetAttributes = {
					FBCF584A29A5A786009637EB = {
						CreatedOnToolsVersion = 14.2;
					};
				};
			};
			buildConfigurationList = FBCF584629A5A786009637EB /* Build configuration list for PBXProject "qrcode" */;
			compatibilityVersion = "Xcode 14.0";
			developmentRegion = en;
			hasScannedForEncodings = 0;
			knownRegions = (
				en,
				Base,
			);
			mainGroup = FBCF584229A5A786009637EB;
			productRefGroup = FBCF584C29A5A786009637EB /* Products */;
			projectDirPath = "";
			projectRoot = "";
			targets = (
				FBCF584A29A5A786009637EB /* qrcode */,
			);
		};
/* End PBXProject section */

/* Begin PBXResourcesBuildPhase section */
		FBCF584929A5A786009637EB /* Resources */ = {
			isa = PBXResourcesBuildPhase;
			buildActionMask = 2147483647;
			files = (
				FBCF585629A5A789009637EB /* Preview Assets.xcassets in Resources */,
				FBCF585329A5A789009637EB /* Assets.xcassets in Resources */,
			);
			runOnlyForDeploymentPostprocessing = 0;
		};
/* End PBXResourcesBuildPhase section */

/* Begin PBXSourcesBuildPhase section */
		FBCF584729A5A786009637EB /* Sources */ = {
			isa = PBXSourcesBuildPhase;
			buildActionMask = 2147483647;
			files = (
				FBCB59B729A8FA96008453A4 /* qrCodeViewModel.swift in Sources */,
				FBCB59BB29A8FDA1008453A4 /* testView.swift in Sources */,
				FBCF585129A5A786009637EB /* ContentView.swift in Sources */,
				FBD8556729A7001C00ACC75D /* CodeImageSaver.swift in Sources */,
				FBD8556529A6F08800ACC75D /* ScanView.swift in Sources */,
				FBCF584F29A5A786009637EB /* qrcodeApp.swift in Sources */,
			);
			runOnlyForDeploymentPostprocessing = 0;
		};
/* End PBXSourcesBuildPhase section */

/* Begin XCBuildConfiguration section */
		FBCF585729A5A789009637EB /* Debug */ = {
			isa = XCBuildConfiguration;
			buildSettings = {
				ALWAYS_SEARCH_USER_PATHS = NO;
				CLANG_ANALYZER_NONNULL = YES;
				CLANG_ANALYZER_NUMBER_OBJECT_CONVERSION = YES_AGGRESSIVE;
				CLANG_CXX_LANGUAGE_STANDARD = "gnu++20";
				CLANG_ENABLE_MODULES = YES;
				CLANG_ENABLE_OBJC_ARC = YES;
				CLANG_ENABLE_OBJC_WEAK = YES;
				CLANG_WARN_BLOCK_CAPTURE_AUTORELEASING = YES;
				CLANG_WARN_BOOL_CONVERSION = YES;
				CLANG_WARN_COMMA = YES;
				CLANG_WARN_CONSTANT_CONVERSION = YES;
				CLANG_WARN_DEPRECATED_OBJC_IMPLEMENTATIONS = YES;
				CLANG_WARN_DIRECT_OBJC_ISA_USAGE = YES_ERROR;
				CLANG_WARN_DOCUMENTATION_COMMENTS = YES;
				CLANG_WARN_EMPTY_BODY = YES;
				CLANG_WARN_ENUM_CONVERSION = YES;
				CLANG_WARN_INFINITE_RECURSION = YES;
				CLANG_WARN_INT_CONVERSION = YES;
				CLANG_WARN_NON_LITERAL_NULL_CONVERSION = YES;
				CLANG_WARN_OBJC_IMPLICIT_RETAIN_SELF = YES;
				CLANG_WARN_OBJC_LITERAL_CONVERSION = YES;
				CLANG_WARN_OBJC_ROOT_CLASS = YES_ERROR;
				CLANG_WARN_QUOTED_INCLUDE_IN_FRAMEWORK_HEADER = YES;
				CLANG_WARN_RANGE_LOOP_ANALYSIS = YES;
				CLANG_WARN_STRICT_PROTOTYPES = YES;
				CLANG_WARN_SUSPICIOUS_MOVE = YES;
				CLANG_WARN_UNGUARDED_AVAILABILITY = YES_AGGRESSIVE;
				CLANG_WARN_UNREACHABLE_CODE = YES;
				CLANG_WARN__DUPLICATE_METHOD_MATCH = YES;
				COPY_PHASE_STRIP = NO;
				DEBUG_INFORMATION_FORMAT = dwarf;
				ENABLE_STRICT_OBJC_MSGSEND = YES;
				ENABLE_TESTABILITY = YES;
				GCC_C_LANGUAGE_STANDARD = gnu11;
				GCC_DYNAMIC_NO_PIC = NO;
				GCC_NO_COMMON_BLOCKS = YES;
				GCC_OPTIMIZATION_LEVEL = 0;
				GCC_PREPROCESSOR_DEFINITIONS = (
					"DEBUG=1",
					"$(inherited)",
				);
				GCC_WARN_64_TO_32_BIT_CONVERSION = YES;
				GCC_WARN_ABOUT_RETURN_TYPE = YES_ERROR;
				GCC_WARN_UNDECLARED_SELECTOR = YES;
				GCC_WARN_UNINITIALIZED_AUTOS = YES_AGGRESSIVE;
				GCC_WARN_UNUSED_FUNCTION = YES;
				GCC_WARN_UNUSED_VARIABLE = YES;
				IPHONEOS_DEPLOYMENT_TARGET = 16.2;
				MTL_ENABLE_DEBUG_INFO = INCLUDE_SOURCE;
				MTL_FAST_MATH = YES;
				ONLY_ACTIVE_ARCH = YES;
				SDKROOT = iphoneos;
				SWIFT_ACTIVE_COMPILATION_CONDITIONS = DEBUG;
				SWIFT_OPTIMIZATION_LEVEL = "-Onone";
			};
			name = Debug;
		};
		FBCF585829A5A789009637EB /* Release */ = {
			isa = XCBuildConfiguration;
			buildSettings = {
				ALWAYS_SEARCH_USER_PATHS = NO;
				CLANG_ANALYZER_NONNULL = YES;
				CLANG_ANALYZER_NUMBER_OBJECT_CONVERSION = YES_AGGRESSIVE;
				CLANG_CXX_LANGUAGE_STANDARD = "gnu++20";
				CLANG_ENABLE_MODULES = YES;
				CLANG_ENABLE_OBJC_ARC = YES;
				CLANG_ENABLE_OBJC_WEAK = YES;
				CLANG_WARN_BLOCK_CAPTURE_AUTORELEASING = YES;
				CLANG_WARN_BOOL_CONVERSION = YES;
				CLANG_WARN_COMMA = YES;
				CLANG_WARN_CONSTANT_CONVERSION = YES;
				CLANG_WARN_DEPRECATED_OBJC_IMPLEMENTATIONS = YES;
				CLANG_WARN_DIRECT_OBJC_ISA_USAGE = YES_ERROR;
				CLANG_WARN_DOCUMENTATION_COMMENTS = YES;
				CLANG_WARN_EMPTY_BODY = YES;
				CLANG_WARN_ENUM_CONVERSION = YES;
				CLANG_WARN_INFINITE_RECURSION = YES;
				CLANG_WARN_INT_CONVERSION = YES;
				CLANG_WARN_NON_LITERAL_NULL_CONVERSION = YES;
				CLANG_WARN_OBJC_IMPLICIT_RETAIN_SELF = YES;
				CLANG_WARN_OBJC_LITERAL_CONVERSION = YES;
				CLANG_WARN_OBJC_ROOT_CLASS = YES_ERROR;
				CLANG_WARN_QUOTED_INCLUDE_IN_FRAMEWORK_HEADER = YES;
				CLANG_WARN_RANGE_LOOP_ANALYSIS = YES;
				CLANG_WARN_STRICT_PROTOTYPES = YES;
				CLANG_WARN_SUSPICIOUS_MOVE = YES;
				CLANG_WARN_UNGUARDED_AVAILABILITY = YES_AGGRESSIVE;
				CLANG_WARN_UNREACHABLE_CODE = YES;
				CLANG_WARN__DUPLICATE_METHOD_MATCH = YES;
				COPY_PHASE_STRIP = NO;
				DEBUG_INFORMATION_FORMAT = "dwarf-with-dsym";
				ENABLE_NS_ASSERTIONS = NO;
				ENABLE_STRICT_OBJC_MSGSEND = YES;
				GCC_C_LANGUAGE_STANDARD = gnu11;
				GCC_NO_COMMON_BLOCKS = YES;
				GCC_WARN_64_TO_32_BIT_CONVERSION = YES;
				GCC_WARN_ABOUT_RETURN_TYPE = YES_ERROR;
				GCC_WARN_UNDECLARED_SELECTOR = YES;
				GCC_WARN_UNINITIALIZED_AUTOS = YES_AGGRESSIVE;
				GCC_WARN_UNUSED_FUNCTION = YES;
				GCC_WARN_UNUSED_VARIABLE = YES;
				IPHONEOS_DEPLOYMENT_TARGET = 16.2;
				MTL_ENABLE_DEBUG_INFO = NO;
				MTL_FAST_MATH = YES;
				SDKROOT = iphoneos;
				SWIFT_COMPILATION_MODE = wholemodule;
				SWIFT_OPTIMIZATION_LEVEL = "-O";
				VALIDATE_PRODUCT = YES;
			};
			name = Release;
		};
		FBCF585A29A5A789009637EB /* Debug */ = {
			isa = XCBuildConfiguration;
			buildSettings = {
				ASSETCATALOG_COMPILER_APPICON_NAME = AppIcon;
				ASSETCATALOG_COMPILER_GLOBAL_ACCENT_COLOR_NAME = AccentColor;
				CODE_SIGN_STYLE = Automatic;
				CURRENT_PROJECT_VERSION = 1;
				DEVELOPMENT_ASSET_PATHS = "\"qrcode/Preview Content\"";
				ENABLE_PREVIEWS = YES;
				GENERATE_INFOPLIST_FILE = YES;
				INFOPLIST_FILE = qrcode/Info.plist;
				INFOPLIST_KEY_NSPhotoLibraryAddUsageDescription = "This app needs permission to save your codes to your library";
				INFOPLIST_KEY_UIApplicationSceneManifest_Generation = YES;
				INFOPLIST_KEY_UIApplicationSupportsIndirectInputEvents = YES;
				INFOPLIST_KEY_UILaunchScreen_Generation = YES;
				INFOPLIST_KEY_UISupportedInterfaceOrientations_iPad = "UIInterfaceOrientationPortrait UIInterfaceOrientationPortraitUpsideDown UIInterfaceOrientationLandscapeLeft UIInterfaceOrientationLandscapeRight";
				INFOPLIST_KEY_UISupportedInterfaceOrientations_iPhone = "UIInterfaceOrientationPortrait UIInterfaceOrientationLandscapeLeft UIInterfaceOrientationLandscapeRight";
				LD_RUNPATH_SEARCH_PATHS = (
					"$(inherited)",
					"@executable_path/Frameworks",
				);
				MARKETING_VERSION = 1.0;
				PRODUCT_BUNDLE_IDENTIFIER = com.max.qrcode;
				PRODUCT_NAME = "$(TARGET_NAME)";
				SWIFT_EMIT_LOC_STRINGS = YES;
				SWIFT_VERSION = 5.0;
				TARGETED_DEVICE_FAMILY = "1,2";
			};
			name = Debug;
		};
		FBCF585B29A5A789009637EB /* Release */ = {
			isa = XCBuildConfiguration;
			buildSettings = {
				ASSETCATALOG_COMPILER_APPICON_NAME = AppIcon;
				ASSETCATALOG_COMPILER_GLOBAL_ACCENT_COLOR_NAME = AccentColor;
				CODE_SIGN_STYLE = Automatic;
				CURRENT_PROJECT_VERSION = 1;
				DEVELOPMENT_ASSET_PATHS = "\"qrcode/Preview Content\"";
				ENABLE_PREVIEWS = YES;
				GENERATE_INFOPLIST_FILE = YES;
				INFOPLIST_FILE = qrcode/Info.plist;
				INFOPLIST_KEY_NSPhotoLibraryAddUsageDescription = "This app needs permission to save your codes to your library";
				INFOPLIST_KEY_UIApplicationSceneManifest_Generation = YES;
				INFOPLIST_KEY_UIApplicationSupportsIndirectInputEvents = YES;
				INFOPLIST_KEY_UILaunchScreen_Generation = YES;
				INFOPLIST_KEY_UISupportedInterfaceOrientations_iPad = "UIInterfaceOrientationPortrait UIInterfaceOrientationPortraitUpsideDown UIInterfaceOrientationLandscapeLeft UIInterfaceOrientationLandscapeRight";
				INFOPLIST_KEY_UISupportedInterfaceOrientations_iPhone = "UIInterfaceOrientationPortrait UIInterfaceOrientationLandscapeLeft UIInterfaceOrientationLandscapeRight";
				LD_RUNPATH_SEARCH_PATHS = (
					"$(inherited)",
					"@executable_path/Frameworks",
				);
				MARKETING_VERSION = 1.0;
				PRODUCT_BUNDLE_IDENTIFIER = com.max.qrcode;
				PRODUCT_NAME = "$(TARGET_NAME)";
				SWIFT_EMIT_LOC_STRINGS = YES;
				SWIFT_VERSION = 5.0;
				TARGETED_DEVICE_FAMILY = "1,2";
			};
			name = Release;
		};
/* End XCBuildConfiguration section */

/* Begin XCConfigurationList section */
		FBCF584629A5A786009637EB /* Build configuration list for PBXProject "qrcode" */ = {
			isa = XCConfigurationList;
			buildConfigurations = (
				FBCF585729A5A789009637EB /* Debug */,
				FBCF585829A5A789009637EB /* Release */,
			);
			defaultConfigurationIsVisible = 0;
			defaultConfigurationName = Release;
		};
		FBCF585929A5A789009637EB /* Build configuration list for PBXNativeTarget "qrcode" */ = {
			isa = XCConfigurationList;
			buildConfigurations = (
				FBCF585A29A5A789009637EB /* Debug */,
				FBCF585B29A5A789009637EB /* Release */,
			);
			defaultConfigurationIsVisible = 0;
			defaultConfigurationName = Release;
		};
/* End XCConfigurationList section */
	};
	rootObject = FBCF584329A5A786009637EB /* Project object */;
}
